// !$*UTF8*$!
{
	archiveVersion = 1;
	classes = {
	};
	objectVersion = 56;
	objects = {

/* Begin PBXBuildFile section */
		0EB0BE6B2B8A629300A88FE2 /* AppDelegate.swift in Sources */ = {isa = PBXBuildFile; fileRef = 0EB0BE6A2B8A629300A88FE2 /* AppDelegate.swift */; };
		0EB0BE6D2B8A629300A88FE2 /* SceneDelegate.swift in Sources */ = {isa = PBXBuildFile; fileRef = 0EB0BE6C2B8A629300A88FE2 /* SceneDelegate.swift */; };
		0EB0BE6F2B8A629300A88FE2 /* ViewController.swift in Sources */ = {isa = PBXBuildFile; fileRef = 0EB0BE6E2B8A629300A88FE2 /* ViewController.swift */; };
		0EB0BE722B8A629300A88FE2 /* Main.storyboard in Resources */ = {isa = PBXBuildFile; fileRef = 0EB0BE702B8A629300A88FE2 /* Main.storyboard */; };
		0EB0BE742B8A629500A88FE2 /* Assets.xcassets in Resources */ = {isa = PBXBuildFile; fileRef = 0EB0BE732B8A629500A88FE2 /* Assets.xcassets */; };
		0EB0BE772B8A629500A88FE2 /* LaunchScreen.storyboard in Resources */ = {isa = PBXBuildFile; fileRef = 0EB0BE752B8A629500A88FE2 /* LaunchScreen.storyboard */; };
		0EB0BE822B8A768600A88FE2 /* CustomColors.swift in Sources */ = {isa = PBXBuildFile; fileRef = 0EB0BE812B8A768600A88FE2 /* CustomColors.swift */; };
		0EB0BE852B8A77A000A88FE2 /* Utils.swift in Sources */ = {isa = PBXBuildFile; fileRef = 0EB0BE842B8A77A000A88FE2 /* Utils.swift */; };
		0EB0BE892B8A7C2900A88FE2 /* FIRUser.swift in Sources */ = {isa = PBXBuildFile; fileRef = 0EB0BE882B8A7C2900A88FE2 /* FIRUser.swift */; };
		0EB0BE8B2B8A7FE800A88FE2 /* GoogleService-Info.plist in Resources */ = {isa = PBXBuildFile; fileRef = 0EB0BE8A2B8A7FE800A88FE2 /* GoogleService-Info.plist */; };
		0EB0BE8E2B8A82F900A88FE2 /* Dashboard.storyboard in Resources */ = {isa = PBXBuildFile; fileRef = 0EB0BE8D2B8A82F900A88FE2 /* Dashboard.storyboard */; };
		0EB0BE912B8A868400A88FE2 /* DashboardTableViewCell.swift in Sources */ = {isa = PBXBuildFile; fileRef = 0EB0BE8F2B8A868400A88FE2 /* DashboardTableViewCell.swift */; };
		0EB0BE922B8A868400A88FE2 /* DashboardTableViewCell.xib in Resources */ = {isa = PBXBuildFile; fileRef = 0EB0BE902B8A868400A88FE2 /* DashboardTableViewCell.xib */; };
		0EB0BE942B8A86BD00A88FE2 /* DashboardViewController.swift in Sources */ = {isa = PBXBuildFile; fileRef = 0EB0BE932B8A86BD00A88FE2 /* DashboardViewController.swift */; };
		0EE9311E2B8A945C001D9D74 /* AddIssueViewController.swift in Sources */ = {isa = PBXBuildFile; fileRef = 0EE9311D2B8A945C001D9D74 /* AddIssueViewController.swift */; };
		0EE931202B8A9467001D9D74 /* AddIssue.storyboard in Resources */ = {isa = PBXBuildFile; fileRef = 0EE9311F2B8A9467001D9D74 /* AddIssue.storyboard */; };
		0EE931232B8A94D0001D9D74 /* AddIssueTableViewCell.swift in Sources */ = {isa = PBXBuildFile; fileRef = 0EE931212B8A94D0001D9D74 /* AddIssueTableViewCell.swift */; };
		0EE931242B8A94D0001D9D74 /* AddIssueTableViewCell.xib in Resources */ = {isa = PBXBuildFile; fileRef = 0EE931222B8A94D0001D9D74 /* AddIssueTableViewCell.xib */; };
		0EE931262B8AD276001D9D74 /* ResponseDataModel.swift in Sources */ = {isa = PBXBuildFile; fileRef = 0EE931252B8AD276001D9D74 /* ResponseDataModel.swift */; };
		D72CF549F0D8FE9BE39DCEC2 /* Pods_PublicEye.framework in Frameworks */ = {isa = PBXBuildFile; fileRef = BAC09A77C11AF56419EA0A34 /* Pods_PublicEye.framework */; };
/* End PBXBuildFile section */

/* Begin PBXFileReference section */
		0EB0BE672B8A629300A88FE2 /* PublicEye.app */ = {isa = PBXFileReference; explicitFileType = wrapper.application; includeInIndex = 0; path = PublicEye.app; sourceTree = BUILT_PRODUCTS_DIR; };
		0EB0BE6A2B8A629300A88FE2 /* AppDelegate.swift */ = {isa = PBXFileReference; lastKnownFileType = sourcecode.swift; path = AppDelegate.swift; sourceTree = "<group>"; };
		0EB0BE6C2B8A629300A88FE2 /* SceneDelegate.swift */ = {isa = PBXFileReference; lastKnownFileType = sourcecode.swift; path = SceneDelegate.swift; sourceTree = "<group>"; };
		0EB0BE6E2B8A629300A88FE2 /* ViewController.swift */ = {isa = PBXFileReference; lastKnownFileType = sourcecode.swift; path = ViewController.swift; sourceTree = "<group>"; };
		0EB0BE712B8A629300A88FE2 /* Base */ = {isa = PBXFileReference; lastKnownFileType = file.storyboard; name = Base; path = Base.lproj/Main.storyboard; sourceTree = "<group>"; };
		0EB0BE732B8A629500A88FE2 /* Assets.xcassets */ = {isa = PBXFileReference; lastKnownFileType = folder.assetcatalog; path = Assets.xcassets; sourceTree = "<group>"; };
		0EB0BE762B8A629500A88FE2 /* Base */ = {isa = PBXFileReference; lastKnownFileType = file.storyboard; name = Base; path = Base.lproj/LaunchScreen.storyboard; sourceTree = "<group>"; };
		0EB0BE782B8A629500A88FE2 /* Info.plist */ = {isa = PBXFileReference; lastKnownFileType = text.plist.xml; path = Info.plist; sourceTree = "<group>"; };
		0EB0BE812B8A768600A88FE2 /* CustomColors.swift */ = {isa = PBXFileReference; lastKnownFileType = sourcecode.swift; path = CustomColors.swift; sourceTree = "<group>"; };
		0EB0BE842B8A77A000A88FE2 /* Utils.swift */ = {isa = PBXFileReference; lastKnownFileType = sourcecode.swift; path = Utils.swift; sourceTree = "<group>"; };
		0EB0BE882B8A7C2900A88FE2 /* FIRUser.swift */ = {isa = PBXFileReference; lastKnownFileType = sourcecode.swift; path = FIRUser.swift; sourceTree = "<group>"; };
		0EB0BE8A2B8A7FE800A88FE2 /* GoogleService-Info.plist */ = {isa = PBXFileReference; fileEncoding = 4; lastKnownFileType = text.plist.xml; path = "GoogleService-Info.plist"; sourceTree = "<group>"; };
		0EB0BE8D2B8A82F900A88FE2 /* Dashboard.storyboard */ = {isa = PBXFileReference; lastKnownFileType = file.storyboard; path = Dashboard.storyboard; sourceTree = "<group>"; };
		0EB0BE8F2B8A868400A88FE2 /* DashboardTableViewCell.swift */ = {isa = PBXFileReference; lastKnownFileType = sourcecode.swift; path = DashboardTableViewCell.swift; sourceTree = "<group>"; };
		0EB0BE902B8A868400A88FE2 /* DashboardTableViewCell.xib */ = {isa = PBXFileReference; lastKnownFileType = file.xib; path = DashboardTableViewCell.xib; sourceTree = "<group>"; };
		0EB0BE932B8A86BD00A88FE2 /* DashboardViewController.swift */ = {isa = PBXFileReference; lastKnownFileType = sourcecode.swift; path = DashboardViewController.swift; sourceTree = "<group>"; };
		0EE9311D2B8A945C001D9D74 /* AddIssueViewController.swift */ = {isa = PBXFileReference; lastKnownFileType = sourcecode.swift; path = AddIssueViewController.swift; sourceTree = "<group>"; };
		0EE9311F2B8A9467001D9D74 /* AddIssue.storyboard */ = {isa = PBXFileReference; lastKnownFileType = file.storyboard; path = AddIssue.storyboard; sourceTree = "<group>"; };
		0EE931212B8A94D0001D9D74 /* AddIssueTableViewCell.swift */ = {isa = PBXFileReference; lastKnownFileType = sourcecode.swift; path = AddIssueTableViewCell.swift; sourceTree = "<group>"; };
		0EE931222B8A94D0001D9D74 /* AddIssueTableViewCell.xib */ = {isa = PBXFileReference; lastKnownFileType = file.xib; path = AddIssueTableViewCell.xib; sourceTree = "<group>"; };
		0EE931252B8AD276001D9D74 /* ResponseDataModel.swift */ = {isa = PBXFileReference; lastKnownFileType = sourcecode.swift; path = ResponseDataModel.swift; sourceTree = "<group>"; };
		463B9188E93ABC13C006D453 /* Pods-PublicEye.debug.xcconfig */ = {isa = PBXFileReference; includeInIndex = 1; lastKnownFileType = text.xcconfig; name = "Pods-PublicEye.debug.xcconfig"; path = "Target Support Files/Pods-PublicEye/Pods-PublicEye.debug.xcconfig"; sourceTree = "<group>"; };
		9BA4D5D5E8A9BC2F7D77FFB3 /* Pods-PublicEye.release.xcconfig */ = {isa = PBXFileReference; includeInIndex = 1; lastKnownFileType = text.xcconfig; name = "Pods-PublicEye.release.xcconfig"; path = "Target Support Files/Pods-PublicEye/Pods-PublicEye.release.xcconfig"; sourceTree = "<group>"; };
		BAC09A77C11AF56419EA0A34 /* Pods_PublicEye.framework */ = {isa = PBXFileReference; explicitFileType = wrapper.framework; includeInIndex = 0; path = Pods_PublicEye.framework; sourceTree = BUILT_PRODUCTS_DIR; };
/* End PBXFileReference section */

/* Begin PBXFrameworksBuildPhase section */
		0EB0BE642B8A629300A88FE2 /* Frameworks */ = {
			isa = PBXFrameworksBuildPhase;
			buildActionMask = 2147483647;
			files = (
				D72CF549F0D8FE9BE39DCEC2 /* Pods_PublicEye.framework in Frameworks */,
			);
			runOnlyForDeploymentPostprocessing = 0;
		};
/* End PBXFrameworksBuildPhase section */

/* Begin PBXGroup section */
		0EB0BE5E2B8A629300A88FE2 = {
			isa = PBXGroup;
			children = (
				0EB0BE692B8A629300A88FE2 /* PublicEye */,
				0EB0BE682B8A629300A88FE2 /* Products */,
				475A0790655F7712F50B4FDF /* Pods */,
				21C7F2EB52F81375F7EA17CA /* Frameworks */,
			);
			sourceTree = "<group>";
		};
		0EB0BE682B8A629300A88FE2 /* Products */ = {
			isa = PBXGroup;
			children = (
				0EB0BE672B8A629300A88FE2 /* PublicEye.app */,
			);
			name = Products;
			sourceTree = "<group>";
		};
		0EB0BE692B8A629300A88FE2 /* PublicEye */ = {
			isa = PBXGroup;
			children = (
				0EE9311C2B8A944A001D9D74 /* Add Issue */,
				0EB0BE8C2B8A82EC00A88FE2 /* Dashboard */,
				0EB0BE872B8A7C1900A88FE2 /* Models */,
				0EB0BE862B8A781E00A88FE2 /* Login Register */,
				0EB0BE832B8A779600A88FE2 /* Utils */,
				0EB0BE802B8A767800A88FE2 /* Colors */,
				0EB0BE6A2B8A629300A88FE2 /* AppDelegate.swift */,
				0EB0BE6C2B8A629300A88FE2 /* SceneDelegate.swift */,
				0EB0BE732B8A629500A88FE2 /* Assets.xcassets */,
				0EB0BE752B8A629500A88FE2 /* LaunchScreen.storyboard */,
				0EB0BE782B8A629500A88FE2 /* Info.plist */,
				0EB0BE8A2B8A7FE800A88FE2 /* GoogleService-Info.plist */,
			);
			path = PublicEye;
			sourceTree = "<group>";
		};
		0EB0BE802B8A767800A88FE2 /* Colors */ = {
			isa = PBXGroup;
			children = (
				0EB0BE812B8A768600A88FE2 /* CustomColors.swift */,
			);
			path = Colors;
			sourceTree = "<group>";
		};
		0EB0BE832B8A779600A88FE2 /* Utils */ = {
			isa = PBXGroup;
			children = (
				0EB0BE842B8A77A000A88FE2 /* Utils.swift */,
			);
			path = Utils;
			sourceTree = "<group>";
		};
		0EB0BE862B8A781E00A88FE2 /* Login Register */ = {
			isa = PBXGroup;
			children = (
				0EB0BE6E2B8A629300A88FE2 /* ViewController.swift */,
				0EB0BE702B8A629300A88FE2 /* Main.storyboard */,
			);
			path = "Login Register";
			sourceTree = "<group>";
		};
		0EB0BE872B8A7C1900A88FE2 /* Models */ = {
			isa = PBXGroup;
			children = (
				0EB0BE882B8A7C2900A88FE2 /* FIRUser.swift */,
				0EE931252B8AD276001D9D74 /* ResponseDataModel.swift */,
			);
			path = Models;
			sourceTree = "<group>";
		};
		0EB0BE8C2B8A82EC00A88FE2 /* Dashboard */ = {
			isa = PBXGroup;
			children = (
				0EB0BE8D2B8A82F900A88FE2 /* Dashboard.storyboard */,
				0EB0BE8F2B8A868400A88FE2 /* DashboardTableViewCell.swift */,
				0EB0BE902B8A868400A88FE2 /* DashboardTableViewCell.xib */,
				0EB0BE932B8A86BD00A88FE2 /* DashboardViewController.swift */,
			);
			path = Dashboard;
			sourceTree = "<group>";
		};
		0EE9311C2B8A944A001D9D74 /* Add Issue */ = {
			isa = PBXGroup;
			children = (
				0EE9311D2B8A945C001D9D74 /* AddIssueViewController.swift */,
				0EE9311F2B8A9467001D9D74 /* AddIssue.storyboard */,
				0EE931212B8A94D0001D9D74 /* AddIssueTableViewCell.swift */,
				0EE931222B8A94D0001D9D74 /* AddIssueTableViewCell.xib */,
			);
			path = "Add Issue";
			sourceTree = "<group>";
		};
		21C7F2EB52F81375F7EA17CA /* Frameworks */ = {
			isa = PBXGroup;
			children = (
				BAC09A77C11AF56419EA0A34 /* Pods_PublicEye.framework */,
			);
			name = Frameworks;
			sourceTree = "<group>";
		};
		475A0790655F7712F50B4FDF /* Pods */ = {
			isa = PBXGroup;
			children = (
				463B9188E93ABC13C006D453 /* Pods-PublicEye.debug.xcconfig */,
				9BA4D5D5E8A9BC2F7D77FFB3 /* Pods-PublicEye.release.xcconfig */,
			);
			path = Pods;
			sourceTree = "<group>";
		};
/* End PBXGroup section */

/* Begin PBXNativeTarget section */
		0EB0BE662B8A629300A88FE2 /* PublicEye */ = {
			isa = PBXNativeTarget;
			buildConfigurationList = 0EB0BE7B2B8A629500A88FE2 /* Build configuration list for PBXNativeTarget "PublicEye" */;
			buildPhases = (
				EAA89840878CE3722A0F376D /* [CP] Check Pods Manifest.lock */,
				0EB0BE632B8A629300A88FE2 /* Sources */,
				0EB0BE642B8A629300A88FE2 /* Frameworks */,
				0EB0BE652B8A629300A88FE2 /* Resources */,
				A34FCE03E895C51D0109E6F1 /* [CP] Embed Pods Frameworks */,
			);
			buildRules = (
			);
			dependencies = (
			);
			name = PublicEye;
			productName = PublicEye;
			productReference = 0EB0BE672B8A629300A88FE2 /* PublicEye.app */;
			productType = "com.apple.product-type.application";
		};
/* End PBXNativeTarget section */

/* Begin PBXProject section */
		0EB0BE5F2B8A629300A88FE2 /* Project object */ = {
			isa = PBXProject;
			attributes = {
				BuildIndependentTargetsInParallel = 1;
				LastSwiftUpdateCheck = 1500;
				LastUpgradeCheck = 1500;
				TargetAttributes = {
					0EB0BE662B8A629300A88FE2 = {
						CreatedOnToolsVersion = 15.0;
					};
				};
			};
			buildConfigurationList = 0EB0BE622B8A629300A88FE2 /* Build configuration list for PBXProject "PublicEye" */;
			compatibilityVersion = "Xcode 14.0";
			developmentRegion = en;
			hasScannedForEncodings = 0;
			knownRegions = (
				en,
				Base,
			);
			mainGroup = 0EB0BE5E2B8A629300A88FE2;
			productRefGroup = 0EB0BE682B8A629300A88FE2 /* Products */;
			projectDirPath = "";
			projectRoot = "";
			targets = (
				0EB0BE662B8A629300A88FE2 /* PublicEye */,
			);
		};
/* End PBXProject section */

/* Begin PBXResourcesBuildPhase section */
		0EB0BE652B8A629300A88FE2 /* Resources */ = {
			isa = PBXResourcesBuildPhase;
			buildActionMask = 2147483647;
			files = (
				0EB0BE772B8A629500A88FE2 /* LaunchScreen.storyboard in Resources */,
				0EB0BE8E2B8A82F900A88FE2 /* Dashboard.storyboard in Resources */,
				0EE931202B8A9467001D9D74 /* AddIssue.storyboard in Resources */,
				0EB0BE8B2B8A7FE800A88FE2 /* GoogleService-Info.plist in Resources */,
				0EB0BE742B8A629500A88FE2 /* Assets.xcassets in Resources */,
				0EB0BE922B8A868400A88FE2 /* DashboardTableViewCell.xib in Resources */,
				0EB0BE722B8A629300A88FE2 /* Main.storyboard in Resources */,
				0EE931242B8A94D0001D9D74 /* AddIssueTableViewCell.xib in Resources */,
			);
			runOnlyForDeploymentPostprocessing = 0;
		};
/* End PBXResourcesBuildPhase section */

/* Begin PBXShellScriptBuildPhase section */
		A34FCE03E895C51D0109E6F1 /* [CP] Embed Pods Frameworks */ = {
			isa = PBXShellScriptBuildPhase;
			buildActionMask = 2147483647;
			files = (
			);
			inputFileListPaths = (
				"${PODS_ROOT}/Target Support Files/Pods-PublicEye/Pods-PublicEye-frameworks-${CONFIGURATION}-input-files.xcfilelist",
			);
			name = "[CP] Embed Pods Frameworks";
			outputFileListPaths = (
				"${PODS_ROOT}/Target Support Files/Pods-PublicEye/Pods-PublicEye-frameworks-${CONFIGURATION}-output-files.xcfilelist",
			);
			runOnlyForDeploymentPostprocessing = 0;
			shellPath = /bin/sh;
			shellScript = "\"${PODS_ROOT}/Target Support Files/Pods-PublicEye/Pods-PublicEye-frameworks.sh\"\n";
			showEnvVarsInLog = 0;
		};
		EAA89840878CE3722A0F376D /* [CP] Check Pods Manifest.lock */ = {
			isa = PBXShellScriptBuildPhase;
			buildActionMask = 2147483647;
			files = (
			);
			inputFileListPaths = (
			);
			inputPaths = (
				"${PODS_PODFILE_DIR_PATH}/Podfile.lock",
				"${PODS_ROOT}/Manifest.lock",
			);
			name = "[CP] Check Pods Manifest.lock";
			outputFileListPaths = (
			);
			outputPaths = (
				"$(DERIVED_FILE_DIR)/Pods-PublicEye-checkManifestLockResult.txt",
			);
			runOnlyForDeploymentPostprocessing = 0;
			shellPath = /bin/sh;
			shellScript = "diff \"${PODS_PODFILE_DIR_PATH}/Podfile.lock\" \"${PODS_ROOT}/Manifest.lock\" > /dev/null\nif [ $? != 0 ] ; then\n    # print error to STDERR\n    echo \"error: The sandbox is not in sync with the Podfile.lock. Run 'pod install' or update your CocoaPods installation.\" >&2\n    exit 1\nfi\n# This output is used by Xcode 'outputs' to avoid re-running this script phase.\necho \"SUCCESS\" > \"${SCRIPT_OUTPUT_FILE_0}\"\n";
			showEnvVarsInLog = 0;
		};
/* End PBXShellScriptBuildPhase section */

/* Begin PBXSourcesBuildPhase section */
		0EB0BE632B8A629300A88FE2 /* Sources */ = {
			isa = PBXSourcesBuildPhase;
			buildActionMask = 2147483647;
			files = (
				0EB0BE852B8A77A000A88FE2 /* Utils.swift in Sources */,
				0EB0BE6F2B8A629300A88FE2 /* ViewController.swift in Sources */,
				0EE931262B8AD276001D9D74 /* ResponseDataModel.swift in Sources */,
				0EB0BE892B8A7C2900A88FE2 /* FIRUser.swift in Sources */,
				0EE931232B8A94D0001D9D74 /* AddIssueTableViewCell.swift in Sources */,
				0EB0BE6B2B8A629300A88FE2 /* AppDelegate.swift in Sources */,
				0EB0BE822B8A768600A88FE2 /* CustomColors.swift in Sources */,
				0EB0BE6D2B8A629300A88FE2 /* SceneDelegate.swift in Sources */,
				0EB0BE912B8A868400A88FE2 /* DashboardTableViewCell.swift in Sources */,
				0EE9311E2B8A945C001D9D74 /* AddIssueViewController.swift in Sources */,
				0EB0BE942B8A86BD00A88FE2 /* DashboardViewController.swift in Sources */,
			);
			runOnlyForDeploymentPostprocessing = 0;
		};
/* End PBXSourcesBuildPhase section */

/* Begin PBXVariantGroup section */
		0EB0BE702B8A629300A88FE2 /* Main.storyboard */ = {
			isa = PBXVariantGroup;
			children = (
				0EB0BE712B8A629300A88FE2 /* Base */,
			);
			name = Main.storyboard;
			sourceTree = "<group>";
		};
		0EB0BE752B8A629500A88FE2 /* LaunchScreen.storyboard */ = {
			isa = PBXVariantGroup;
			children = (
				0EB0BE762B8A629500A88FE2 /* Base */,
			);
			name = LaunchScreen.storyboard;
			sourceTree = "<group>";
		};
/* End PBXVariantGroup section */

/* Begin XCBuildConfiguration section */
		0EB0BE792B8A629500A88FE2 /* Debug */ = {
			isa = XCBuildConfiguration;
			buildSettings = {
				ALWAYS_SEARCH_USER_PATHS = NO;
				ASSETCATALOG_COMPILER_GENERATE_SWIFT_ASSET_SYMBOL_EXTENSIONS = YES;
				CLANG_ANALYZER_NONNULL = YES;
				CLANG_ANALYZER_NUMBER_OBJECT_CONVERSION = YES_AGGRESSIVE;
				CLANG_CXX_LANGUAGE_STANDARD = "gnu++20";
				CLANG_ENABLE_MODULES = YES;
				CLANG_ENABLE_OBJC_ARC = YES;
				CLANG_ENABLE_OBJC_WEAK = YES;
				CLANG_WARN_BLOCK_CAPTURE_AUTORELEASING = YES;
				CLANG_WARN_BOOL_CONVERSION = YES;
				CLANG_WARN_COMMA = YES;
				CLANG_WARN_CONSTANT_CONVERSION = YES;
				CLANG_WARN_DEPRECATED_OBJC_IMPLEMENTATIONS = YES;
				CLANG_WARN_DIRECT_OBJC_ISA_USAGE = YES_ERROR;
				CLANG_WARN_DOCUMENTATION_COMMENTS = YES;
				CLANG_WARN_EMPTY_BODY = YES;
				CLANG_WARN_ENUM_CONVERSION = YES;
				CLANG_WARN_INFINITE_RECURSION = YES;
				CLANG_WARN_INT_CONVERSION = YES;
				CLANG_WARN_NON_LITERAL_NULL_CONVERSION = YES;
				CLANG_WARN_OBJC_IMPLICIT_RETAIN_SELF = YES;
				CLANG_WARN_OBJC_LITERAL_CONVERSION = YES;
				CLANG_WARN_OBJC_ROOT_CLASS = YES_ERROR;
				CLANG_WARN_QUOTED_INCLUDE_IN_FRAMEWORK_HEADER = YES;
				CLANG_WARN_RANGE_LOOP_ANALYSIS = YES;
				CLANG_WARN_STRICT_PROTOTYPES = YES;
				CLANG_WARN_SUSPICIOUS_MOVE = YES;
				CLANG_WARN_UNGUARDED_AVAILABILITY = YES_AGGRESSIVE;
				CLANG_WARN_UNREACHABLE_CODE = YES;
				CLANG_WARN__DUPLICATE_METHOD_MATCH = YES;
				COPY_PHASE_STRIP = NO;
				DEBUG_INFORMATION_FORMAT = dwarf;
				ENABLE_STRICT_OBJC_MSGSEND = YES;
				ENABLE_TESTABILITY = YES;
				ENABLE_USER_SCRIPT_SANDBOXING = YES;
				GCC_C_LANGUAGE_STANDARD = gnu17;
				GCC_DYNAMIC_NO_PIC = NO;
				GCC_NO_COMMON_BLOCKS = YES;
				GCC_OPTIMIZATION_LEVEL = 0;
				GCC_PREPROCESSOR_DEFINITIONS = (
					"DEBUG=1",
					"$(inherited)",
				);
				GCC_WARN_64_TO_32_BIT_CONVERSION = YES;
				GCC_WARN_ABOUT_RETURN_TYPE = YES_ERROR;
				GCC_WARN_UNDECLARED_SELECTOR = YES;
				GCC_WARN_UNINITIALIZED_AUTOS = YES_AGGRESSIVE;
				GCC_WARN_UNUSED_FUNCTION = YES;
				GCC_WARN_UNUSED_VARIABLE = YES;
				IPHONEOS_DEPLOYMENT_TARGET = 17.0;
				LOCALIZATION_PREFERS_STRING_CATALOGS = YES;
				MTL_ENABLE_DEBUG_INFO = INCLUDE_SOURCE;
				MTL_FAST_MATH = YES;
				ONLY_ACTIVE_ARCH = YES;
				SDKROOT = iphoneos;
				SWIFT_ACTIVE_COMPILATION_CONDITIONS = "DEBUG $(inherited)";
				SWIFT_OPTIMIZATION_LEVEL = "-Onone";
			};
			name = Debug;
		};
		0EB0BE7A2B8A629500A88FE2 /* Release */ = {
			isa = XCBuildConfiguration;
			buildSettings = {
				ALWAYS_SEARCH_USER_PATHS = NO;
				ASSETCATALOG_COMPILER_GENERATE_SWIFT_ASSET_SYMBOL_EXTENSIONS = YES;
				CLANG_ANALYZER_NONNULL = YES;
				CLANG_ANALYZER_NUMBER_OBJECT_CONVERSION = YES_AGGRESSIVE;
				CLANG_CXX_LANGUAGE_STANDARD = "gnu++20";
				CLANG_ENABLE_MODULES = YES;
				CLANG_ENABLE_OBJC_ARC = YES;
				CLANG_ENABLE_OBJC_WEAK = YES;
				CLANG_WARN_BLOCK_CAPTURE_AUTORELEASING = YES;
				CLANG_WARN_BOOL_CONVERSION = YES;
				CLANG_WARN_COMMA = YES;
				CLANG_WARN_CONSTANT_CONVERSION = YES;
				CLANG_WARN_DEPRECATED_OBJC_IMPLEMENTATIONS = YES;
				CLANG_WARN_DIRECT_OBJC_ISA_USAGE = YES_ERROR;
				CLANG_WARN_DOCUMENTATION_COMMENTS = YES;
				CLANG_WARN_EMPTY_BODY = YES;
				CLANG_WARN_ENUM_CONVERSION = YES;
				CLANG_WARN_INFINITE_RECURSION = YES;
				CLANG_WARN_INT_CONVERSION = YES;
				CLANG_WARN_NON_LITERAL_NULL_CONVERSION = YES;
				CLANG_WARN_OBJC_IMPLICIT_RETAIN_SELF = YES;
				CLANG_WARN_OBJC_LITERAL_CONVERSION = YES;
				CLANG_WARN_OBJC_ROOT_CLASS = YES_ERROR;
				CLANG_WARN_QUOTED_INCLUDE_IN_FRAMEWORK_HEADER = YES;
				CLANG_WARN_RANGE_LOOP_ANALYSIS = YES;
				CLANG_WARN_STRICT_PROTOTYPES = YES;
				CLANG_WARN_SUSPICIOUS_MOVE = YES;
				CLANG_WARN_UNGUARDED_AVAILABILITY = YES_AGGRESSIVE;
				CLANG_WARN_UNREACHABLE_CODE = YES;
				CLANG_WARN__DUPLICATE_METHOD_MATCH = YES;
				COPY_PHASE_STRIP = NO;
				DEBUG_INFORMATION_FORMAT = "dwarf-with-dsym";
				ENABLE_NS_ASSERTIONS = NO;
				ENABLE_STRICT_OBJC_MSGSEND = YES;
				ENABLE_USER_SCRIPT_SANDBOXING = YES;
				GCC_C_LANGUAGE_STANDARD = gnu17;
				GCC_NO_COMMON_BLOCKS = YES;
				GCC_WARN_64_TO_32_BIT_CONVERSION = YES;
				GCC_WARN_ABOUT_RETURN_TYPE = YES_ERROR;
				GCC_WARN_UNDECLARED_SELECTOR = YES;
				GCC_WARN_UNINITIALIZED_AUTOS = YES_AGGRESSIVE;
				GCC_WARN_UNUSED_FUNCTION = YES;
				GCC_WARN_UNUSED_VARIABLE = YES;
				IPHONEOS_DEPLOYMENT_TARGET = 17.0;
				LOCALIZATION_PREFERS_STRING_CATALOGS = YES;
				MTL_ENABLE_DEBUG_INFO = NO;
				MTL_FAST_MATH = YES;
				SDKROOT = iphoneos;
				SWIFT_COMPILATION_MODE = wholemodule;
				VALIDATE_PRODUCT = YES;
			};
			name = Release;
		};
		0EB0BE7C2B8A629500A88FE2 /* Debug */ = {
			isa = XCBuildConfiguration;
			baseConfigurationReference = 463B9188E93ABC13C006D453 /* Pods-PublicEye.debug.xcconfig */;
			buildSettings = {
				ASSETCATALOG_COMPILER_APPICON_NAME = AppIcon;
				ASSETCATALOG_COMPILER_GLOBAL_ACCENT_COLOR_NAME = AccentColor;
				CODE_SIGN_STYLE = Automatic;
				CURRENT_PROJECT_VERSION = 1;
				DEVELOPMENT_TEAM = 85R4T7NRSX;
				ENABLE_USER_SCRIPT_SANDBOXING = NO;
				GENERATE_INFOPLIST_FILE = YES;
				INFOPLIST_FILE = PublicEye/Info.plist;
				INFOPLIST_KEY_UIApplicationSupportsIndirectInputEvents = YES;
				INFOPLIST_KEY_UILaunchStoryboardName = LaunchScreen;
				INFOPLIST_KEY_UIMainStoryboardFile = Main;
				INFOPLIST_KEY_UISupportedInterfaceOrientations_iPad = "UIInterfaceOrientationPortrait UIInterfaceOrientationPortraitUpsideDown UIInterfaceOrientationLandscapeLeft UIInterfaceOrientationLandscapeRight";
				INFOPLIST_KEY_UISupportedInterfaceOrientations_iPhone = "UIInterfaceOrientationPortrait UIInterfaceOrientationLandscapeLeft UIInterfaceOrientationLandscapeRight";
				LD_RUNPATH_SEARCH_PATHS = (
					"$(inherited)",
					"@executable_path/Frameworks",
				);
				MARKETING_VERSION = 1.0;
				PRODUCT_BUNDLE_IDENTIFIER = com.pearlhack.PublicEye;
				PRODUCT_NAME = "$(TARGET_NAME)";
				SWIFT_EMIT_LOC_STRINGS = YES;
				SWIFT_VERSION = 5.0;
				TARGETED_DEVICE_FAMILY = "1,2";
			};
			name = Debug;
		};
		0EB0BE7D2B8A629500A88FE2 /* Release */ = {
			isa = XCBuildConfiguration;
			baseConfigurationReference = 9BA4D5D5E8A9BC2F7D77FFB3 /* Pods-PublicEye.release.xcconfig */;
			buildSettings = {
				ASSETCATALOG_COMPILER_APPICON_NAME = AppIcon;
				ASSETCATALOG_COMPILER_GLOBAL_ACCENT_COLOR_NAME = AccentColor;
				CODE_SIGN_STYLE = Automatic;
				CURRENT_PROJECT_VERSION = 1;
				DEVELOPMENT_TEAM = 85R4T7NRSX;
				ENABLE_USER_SCRIPT_SANDBOXING = NO;
				GENERATE_INFOPLIST_FILE = YES;
				INFOPLIST_FILE = PublicEye/Info.plist;
				INFOPLIST_KEY_UIApplicationSupportsIndirectInputEvents = YES;
				INFOPLIST_KEY_UILaunchStoryboardName = LaunchScreen;
				INFOPLIST_KEY_UIMainStoryboardFile = Main;
				INFOPLIST_KEY_UISupportedInterfaceOrientations_iPad = "UIInterfaceOrientationPortrait UIInterfaceOrientationPortraitUpsideDown UIInterfaceOrientationLandscapeLeft UIInterfaceOrientationLandscapeRight";
				INFOPLIST_KEY_UISupportedInterfaceOrientations_iPhone = "UIInterfaceOrientationPortrait UIInterfaceOrientationLandscapeLeft UIInterfaceOrientationLandscapeRight";
				LD_RUNPATH_SEARCH_PATHS = (
					"$(inherited)",
					"@executable_path/Frameworks",
				);
				MARKETING_VERSION = 1.0;
				PRODUCT_BUNDLE_IDENTIFIER = com.pearlhack.PublicEye;
				PRODUCT_NAME = "$(TARGET_NAME)";
				SWIFT_EMIT_LOC_STRINGS = YES;
				SWIFT_VERSION = 5.0;
				TARGETED_DEVICE_FAMILY = "1,2";
			};
			name = Release;
		};
/* End XCBuildConfiguration section */

/* Begin XCConfigurationList section */
		0EB0BE622B8A629300A88FE2 /* Build configuration list for PBXProject "PublicEye" */ = {
			isa = XCConfigurationList;
			buildConfigurations = (
				0EB0BE792B8A629500A88FE2 /* Debug */,
				0EB0BE7A2B8A629500A88FE2 /* Release */,
			);
			defaultConfigurationIsVisible = 0;
			defaultConfigurationName = Release;
		};
		0EB0BE7B2B8A629500A88FE2 /* Build configuration list for PBXNativeTarget "PublicEye" */ = {
			isa = XCConfigurationList;
			buildConfigurations = (
				0EB0BE7C2B8A629500A88FE2 /* Debug */,
				0EB0BE7D2B8A629500A88FE2 /* Release */,
			);
			defaultConfigurationIsVisible = 0;
			defaultConfigurationName = Release;
		};
/* End XCConfigurationList section */
	};
	rootObject = 0EB0BE5F2B8A629300A88FE2 /* Project object */;
}
